{
  "originHash" : "833a2124095a35ee1c9ce4649c0257e20ff28dd856070f38dc4d440fb2dd5d80",
  "pins" : [
    {
      "identity" : "apollo-ios",
      "kind" : "remoteSourceControl",
      "location" : "https://github.com/apollographql/apollo-ios",
      "state" : {
        "revision" : "d591c1dd55824867877cff4f6551fe32983d7f51",
        "version" : "1.23.0"
      }
    },
    {
      "identity" : "bindjs-apple-binary",
      "kind" : "remoteSourceControl",
      "location" : "https://github.com/metabindai/bindjs-apple-binary",
      "state" : {
        "revision" : "5c6cf0b78c4dda6e95aa3c8228fe804217116eef",
        "version" : "1.1.4"
      }
    },
    {
      "identity" : "gltfkit2",
      "kind" : "remoteSourceControl",
      "location" : "https://github.com/warrenm/GLTFKit2",
      "state" : {
        "revision" : "c4509232470777e51ecffa626597ff9b4da170f5",
        "version" : "0.5.14"
      }
    },
    {
      "identity" : "metabind-apple",
      "kind" : "remoteSourceControl",
      "location" : "https://github.com/metabindai/metabind-apple",
      "state" : {
        "revision" : "d7c39be7303c8dc130aa7d84e5e5ecb37dfa1c97",
        "version" : "1.2.10"
      }
    }
  ],
  "version" : 3
}
